
Microsoft Visual Studio Solution File, Format Version 12.00
# Visual Studio Version 17
VisualStudioVersion = 17.5.33402.96
MinimumVisualStudioVersion = 10.0.40219.1
Project("{FAE04EC0-301F-11D3-BF4B-00C04F79EFBC}") = "CROP API", "CROP Cloud Service\CROP API.csproj", "{BCD9AF77-3A71-49C2-93A9-19BCB1FEF058}"
EndProject
Global
	GlobalSection(SolutionConfigurationPlatforms) = preSolution
		Debug|Any CPU = Debug|Any CPU
		Release|Any CPU = Release|Any CPU
	EndGlobalSection
	GlobalSection(ProjectConfigurationPlatforms) = postSolution
		{BCD9AF77-3A71-49C2-93A9-19BCB1FEF058}.Debug|Any CPU.ActiveCfg = Debug|Any CPU
		{BCD9AF77-3A71-49C2-93A9-19BCB1FEF058}.Debug|Any CPU.Build.0 = Debug|Any CPU
		{BCD9AF77-3A71-49C2-93A9-19BCB1FEF058}.Release|Any CPU.ActiveCfg = Release|Any CPU
		{BCD9AF77-3A71-49C2-93A9-19BCB1FEF058}.Release|Any CPU.Build.0 = Release|Any CPU
	EndGlobalSection
	GlobalSection(SolutionProperties) = preSolution
		HideSolutionNode = FALSE
	EndGlobalSection
	GlobalSection(ExtensibilityGlobals) = postSolution
		SolutionGuid = {EC61615A-02CA-41E9-9362-C682873703CB}
	EndGlobalSection
EndGlobal
